
Microsoft Visual Studio Solution File, Format Version 12.00
# Visual Studio 15
VisualStudioVersion = 15.0.28010.2026
MinimumVisualStudioVersion = 10.0.40219.1
Project("{FAE04EC0-301F-11D3-BF4B-00C04F79EFBC}") = "ROISelect", "ROISelect\ROISelect.csproj", "{5C74B02A-5BA9-4371-A51B-2A0C07E605AB}"
EndProject
Global
	GlobalSection(SolutionConfigurationPlatforms) = preSolution
		Debug|Any CPU = Debug|Any CPU
		Release|Any CPU = Release|Any CPU
	EndGlobalSection
	GlobalSection(ProjectConfigurationPlatforms) = postSolution
		{5C74B02A-5BA9-4371-A51B-2A0C07E605AB}.Debug|Any CPU.ActiveCfg = Debug|Any CPU
		{5C74B02A-5BA9-4371-A51B-2A0C07E605AB}.Debug|Any CPU.Build.0 = Debug|Any CPU
		{5C74B02A-5BA9-4371-A51B-2A0C07E605AB}.Release|Any CPU.ActiveCfg = Release|Any CPU
		{5C74B02A-5BA9-4371-A51B-2A0C07E605AB}.Release|Any CPU.Build.0 = Release|Any CPU
	EndGlobalSection
	GlobalSection(SolutionProperties) = preSolution
		HideSolutionNode = FALSE
	EndGlobalSection
	GlobalSection(ExtensibilityGlobals) = postSolution
		SolutionGuid = {32F1EA58-D4FB-4378-8835-C9E155376CD7}
	EndGlobalSection
EndGlobal
